// !$*UTF8*$!
{
	archiveVersion = 1;
	classes = {
	};
	objectVersion = 77;
	objects = {

/* Begin PBXContainerItemProxy section */
		1ECE8EF12DB62D240041C938 /* PBXContainerItemProxy */ = {
			isa = PBXContainerItemProxy;
			containerPortal = 1ECE8EDB2DB62D230041C938 /* Project object */;
			proxyType = 1;
			remoteGlobalIDString = 1ECE8EE22DB62D230041C938;
			remoteInfo = YWHPokeMaster;
		};
		1ECE8EFB2DB62D240041C938 /* PBXContainerItemProxy */ = {
			isa = PBXContainerItemProxy;
			containerPortal = 1ECE8EDB2DB62D230041C938 /* Project object */;
			proxyType = 1;
			remoteGlobalIDString = 1ECE8EE22DB62D230041C938;
			remoteInfo = YWHPokeMaster;
		};
/* End PBXContainerItemProxy section */

/* Begin PBXFileReference section */
		1ECE8EE32DB62D230041C938 /* YWHPokeMaster.app */ = {isa = PBXFileReference; explicitFileType = wrapper.application; includeInIndex = 0; path = YWHPokeMaster.app; sourceTree = BUILT_PRODUCTS_DIR; };
		1ECE8EF02DB62D240041C938 /* YWHPokeMasterTests.xctest */ = {isa = PBXFileReference; explicitFileType = wrapper.cfbundle; includeInIndex = 0; path = YWHPokeMasterTests.xctest; sourceTree = BUILT_PRODUCTS_DIR; };
		1ECE8EFA2DB62D240041C938 /* YWHPokeMasterUITests.xctest */ = {isa = PBXFileReference; explicitFileType = wrapper.cfbundle; includeInIndex = 0; path = YWHPokeMasterUITests.xctest; sourceTree = BUILT_PRODUCTS_DIR; };
/* End PBXFileReference section */

/* Begin PBXFileSystemSynchronizedRootGroup section */
		1ECE8EE52DB62D230041C938 /* YWHPokeMaster */ = {
			isa = PBXFileSystemSynchronizedRootGroup;
			path = YWHPokeMaster;
			sourceTree = "<group>";
		};
		1ECE8EF32DB62D240041C938 /* YWHPokeMasterTests */ = {
			isa = PBXFileSystemSynchronizedRootGroup;
			path = YWHPokeMasterTests;
			sourceTree = "<group>";
		};
		1ECE8EFD2DB62D240041C938 /* YWHPokeMasterUITests */ = {
			isa = PBXFileSystemSynchronizedRootGroup;
			path = YWHPokeMasterUITests;
			sourceTree = "<group>";
		};
/* End PBXFileSystemSynchronizedRootGroup section */

/* Begin PBXFrameworksBuildPhase section */
		1ECE8EE02DB62D230041C938 /* Frameworks */ = {
			isa = PBXFrameworksBuildPhase;
			buildActionMask = 2147483647;
			files = (
			);
			runOnlyForDeploymentPostprocessing = 0;
		};
		1ECE8EED2DB62D240041C938 /* Frameworks */ = {
			isa = PBXFrameworksBuildPhase;
			buildActionMask = 2147483647;
			files = (
			);
			runOnlyForDeploymentPostprocessing = 0;
		};
		1ECE8EF72DB62D240041C938 /* Frameworks */ = {
			isa = PBXFrameworksBuildPhase;
			buildActionMask = 2147483647;
			files = (
			);
			runOnlyForDeploymentPostprocessing = 0;
		};
/* End PBXFrameworksBuildPhase section */

/* Begin PBXGroup section */
		1ECE8EDA2DB62D230041C938 = {
			isa = PBXGroup;
			children = (
				1ECE8EE52DB62D230041C938 /* YWHPokeMaster */,
				1ECE8EF32DB62D240041C938 /* YWHPokeMasterTests */,
				1ECE8EFD2DB62D240041C938 /* YWHPokeMasterUITests */,
				1ECE8EE42DB62D230041C938 /* Products */,
			);
			sourceTree = "<group>";
		};
		1ECE8EE42DB62D230041C938 /* Products */ = {
			isa = PBXGroup;
			children = (
				1ECE8EE32DB62D230041C938 /* YWHPokeMaster.app */,
				1ECE8EF02DB62D240041C938 /* YWHPokeMasterTests.xctest */,
				1ECE8EFA2DB62D240041C938 /* YWHPokeMasterUITests.xctest */,
			);
			name = Products;
			sourceTree = "<group>";
		};
/* End PBXGroup section */

/* Begin PBXNativeTarget section */
		1ECE8EE22DB62D230041C938 /* YWHPokeMaster */ = {
			isa = PBXNativeTarget;
			buildConfigurationList = 1ECE8F042DB62D240041C938 /* Build configuration list for PBXNativeTarget "YWHPokeMaster" */;
			buildPhases = (
				1ECE8EDF2DB62D230041C938 /* Sources */,
				1ECE8EE02DB62D230041C938 /* Frameworks */,
				1ECE8EE12DB62D230041C938 /* Resources */,
			);
			buildRules = (
			);
			dependencies = (
			);
			fileSystemSynchronizedGroups = (
				1ECE8EE52DB62D230041C938 /* YWHPokeMaster */,
			);
			name = YWHPokeMaster;
			packageProductDependencies = (
			);
			productName = YWHPokeMaster;
			productReference = 1ECE8EE32DB62D230041C938 /* YWHPokeMaster.app */;
			productType = "com.apple.product-type.application";
		};
		1ECE8EEF2DB62D240041C938 /* YWHPokeMasterTests */ = {
			isa = PBXNativeTarget;
			buildConfigurationList = 1ECE8F072DB62D240041C938 /* Build configuration list for PBXNativeTarget "YWHPokeMasterTests" */;
			buildPhases = (
				1ECE8EEC2DB62D240041C938 /* Sources */,
				1ECE8EED2DB62D240041C938 /* Frameworks */,
				1ECE8EEE2DB62D240041C938 /* Resources */,
			);
			buildRules = (
			);
			dependencies = (
				1ECE8EF22DB62D240041C938 /* PBXTargetDependency */,
			);
			fileSystemSynchronizedGroups = (
				1ECE8EF32DB62D240041C938 /* YWHPokeMasterTests */,
			);
			name = YWHPokeMasterTests;
			packageProductDependencies = (
			);
			productName = YWHPokeMasterTests;
			productReference = 1ECE8EF02DB62D240041C938 /* YWHPokeMasterTests.xctest */;
			productType = "com.apple.product-type.bundle.unit-test";
		};
		1ECE8EF92DB62D240041C938 /* YWHPokeMasterUITests */ = {
			isa = PBXNativeTarget;
			buildConfigurationList = 1ECE8F0A2DB62D240041C938 /* Build configuration list for PBXNativeTarget "YWHPokeMasterUITests" */;
			buildPhases = (
				1ECE8EF62DB62D240041C938 /* Sources */,
				1ECE8EF72DB62D240041C938 /* Frameworks */,
				1ECE8EF82DB62D240041C938 /* Resources */,
			);
			buildRules = (
			);
			dependencies = (
				1ECE8EFC2DB62D240041C938 /* PBXTargetDependency */,
			);
			fileSystemSynchronizedGroups = (
				1ECE8EFD2DB62D240041C938 /* YWHPokeMasterUITests */,
			);
			name = YWHPokeMasterUITests;
			packageProductDependencies = (
			);
			productName = YWHPokeMasterUITests;
			productReference = 1ECE8EFA2DB62D240041C938 /* YWHPokeMasterUITests.xctest */;
			productType = "com.apple.product-type.bundle.ui-testing";
		};
/* End PBXNativeTarget section */

/* Begin PBXProject section */
		1ECE8EDB2DB62D230041C938 /* Project object */ = {
			isa = PBXProject;
			attributes = {
				BuildIndependentTargetsInParallel = 1;
				LastSwiftUpdateCheck = 1630;
				LastUpgradeCheck = 1630;
				TargetAttributes = {
					1ECE8EE22DB62D230041C938 = {
						CreatedOnToolsVersion = 16.3;
					};
					1ECE8EEF2DB62D240041C938 = {
						CreatedOnToolsVersion = 16.3;
						TestTargetID = 1ECE8EE22DB62D230041C938;
					};
					1ECE8EF92DB62D240041C938 = {
						CreatedOnToolsVersion = 16.3;
						TestTargetID = 1ECE8EE22DB62D230041C938;
					};
				};
			};
			buildConfigurationList = 1ECE8EDE2DB62D230041C938 /* Build configuration list for PBXProject "YWHPokeMaster" */;
			developmentRegion = en;
			hasScannedForEncodings = 0;
			knownRegions = (
				en,
				Base,
			);
			mainGroup = 1ECE8EDA2DB62D230041C938;
			minimizedProjectReferenceProxies = 1;
			preferredProjectObjectVersion = 77;
			productRefGroup = 1ECE8EE42DB62D230041C938 /* Products */;
			projectDirPath = "";
			projectRoot = "";
			targets = (
				1ECE8EE22DB62D230041C938 /* YWHPokeMaster */,
				1ECE8EEF2DB62D240041C938 /* YWHPokeMasterTests */,
				1ECE8EF92DB62D240041C938 /* YWHPokeMasterUITests */,
			);
		};
/* End PBXProject section */

/* Begin PBXResourcesBuildPhase section */
		1ECE8EE12DB62D230041C938 /* Resources */ = {
			isa = PBXResourcesBuildPhase;
			buildActionMask = 2147483647;
			files = (
			);
			runOnlyForDeploymentPostprocessing = 0;
		};
		1ECE8EEE2DB62D240041C938 /* Resources */ = {
			isa = PBXResourcesBuildPhase;
			buildActionMask = 2147483647;
			files = (
			);
			runOnlyForDeploymentPostprocessing = 0;
		};
		1ECE8EF82DB62D240041C938 /* Resources */ = {
			isa = PBXResourcesBuildPhase;
			buildActionMask = 2147483647;
			files = (
			);
			runOnlyForDeploymentPostprocessing = 0;
		};
/* End PBXResourcesBuildPhase section */

/* Begin PBXSourcesBuildPhase section */
		1ECE8EDF2DB62D230041C938 /* Sources */ = {
			isa = PBXSourcesBuildPhase;
			buildActionMask = 2147483647;
			files = (
			);
			runOnlyForDeploymentPostprocessing = 0;
		};
		1ECE8EEC2DB62D240041C938 /* Sources */ = {
			isa = PBXSourcesBuildPhase;
			buildActionMask = 2147483647;
			files = (
			);
			runOnlyForDeploymentPostprocessing = 0;
		};
		1ECE8EF62DB62D240041C938 /* Sources */ = {
			isa = PBXSourcesBuildPhase;
			buildActionMask = 2147483647;
			files = (
			);
			runOnlyForDeploymentPostprocessing = 0;
		};
/* End PBXSourcesBuildPhase section */

/* Begin PBXTargetDependency section */
		1ECE8EF22DB62D240041C938 /* PBXTargetDependency */ = {
			isa = PBXTargetDependency;
			target = 1ECE8EE22DB62D230041C938 /* YWHPokeMaster */;
			targetProxy = 1ECE8EF12DB62D240041C938 /* PBXContainerItemProxy */;
		};
		1ECE8EFC2DB62D240041C938 /* PBXTargetDependency */ = {
			isa = PBXTargetDependency;
			target = 1ECE8EE22DB62D230041C938 /* YWHPokeMaster */;
			targetProxy = 1ECE8EFB2DB62D240041C938 /* PBXContainerItemProxy */;
		};
/* End PBXTargetDependency section */

/* Begin XCBuildConfiguration section */
		1ECE8F022DB62D240041C938 /* Debug */ = {
			isa = XCBuildConfiguration;
			buildSettings = {
				ALWAYS_SEARCH_USER_PATHS = NO;
				ASSETCATALOG_COMPILER_GENERATE_SWIFT_ASSET_SYMBOL_EXTENSIONS = YES;
				CLANG_ANALYZER_NONNULL = YES;
				CLANG_ANALYZER_NUMBER_OBJECT_CONVERSION = YES_AGGRESSIVE;
				CLANG_CXX_LANGUAGE_STANDARD = "gnu++20";
				CLANG_ENABLE_MODULES = YES;
				CLANG_ENABLE_OBJC_ARC = YES;
				CLANG_ENABLE_OBJC_WEAK = YES;
				CLANG_WARN_BLOCK_CAPTURE_AUTORELEASING = YES;
				CLANG_WARN_BOOL_CONVERSION = YES;
				CLANG_WARN_COMMA = YES;
				CLANG_WARN_CONSTANT_CONVERSION = YES;
				CLANG_WARN_DEPRECATED_OBJC_IMPLEMENTATIONS = YES;
				CLANG_WARN_DIRECT_OBJC_ISA_USAGE = YES_ERROR;
				CLANG_WARN_DOCUMENTATION_COMMENTS = YES;
				CLANG_WARN_EMPTY_BODY = YES;
				CLANG_WARN_ENUM_CONVERSION = YES;
				CLANG_WARN_INFINITE_RECURSION = YES;
				CLANG_WARN_INT_CONVERSION = YES;
				CLANG_WARN_NON_LITERAL_NULL_CONVERSION = YES;
				CLANG_WARN_OBJC_IMPLICIT_RETAIN_SELF = YES;
				CLANG_WARN_OBJC_LITERAL_CONVERSION = YES;
				CLANG_WARN_OBJC_ROOT_CLASS = YES_ERROR;
				CLANG_WARN_QUOTED_INCLUDE_IN_FRAMEWORK_HEADER = YES;
				CLANG_WARN_RANGE_LOOP_ANALYSIS = YES;
				CLANG_WARN_STRICT_PROTOTYPES = YES;
				CLANG_WARN_SUSPICIOUS_MOVE = YES;
				CLANG_WARN_UNGUARDED_AVAILABILITY = YES_AGGRESSIVE;
				CLANG_WARN_UNREACHABLE_CODE = YES;
				CLANG_WARN__DUPLICATE_METHOD_MATCH = YES;
				COPY_PHASE_STRIP = NO;
				DEBUG_INFORMATION_FORMAT = dwarf;
				DEVELOPMENT_TEAM = QWDQBH43YB;
				ENABLE_STRICT_OBJC_MSGSEND = YES;
				ENABLE_TESTABILITY = YES;
				ENABLE_USER_SCRIPT_SANDBOXING = YES;
				GCC_C_LANGUAGE_STANDARD = gnu17;
				GCC_DYNAMIC_NO_PIC = NO;
				GCC_NO_COMMON_BLOCKS = YES;
				GCC_OPTIMIZATION_LEVEL = 0;
				GCC_PREPROCESSOR_DEFINITIONS = (
					"DEBUG=1",
					"$(inherited)",
				);
				GCC_WARN_64_TO_32_BIT_CONVERSION = YES;
				GCC_WARN_ABOUT_RETURN_TYPE = YES_ERROR;
				GCC_WARN_UNDECLARED_SELECTOR = YES;
				GCC_WARN_UNINITIALIZED_AUTOS = YES_AGGRESSIVE;
				GCC_WARN_UNUSED_FUNCTION = YES;
				GCC_WARN_UNUSED_VARIABLE = YES;
				IPHONEOS_DEPLOYMENT_TARGET = 18.4;
				LOCALIZATION_PREFERS_STRING_CATALOGS = YES;
				MTL_ENABLE_DEBUG_INFO = INCLUDE_SOURCE;
				MTL_FAST_MATH = YES;
				ONLY_ACTIVE_ARCH = YES;
				SDKROOT = iphoneos;
				SWIFT_ACTIVE_COMPILATION_CONDITIONS = "DEBUG $(inherited)";
				SWIFT_OPTIMIZATION_LEVEL = "-Onone";
			};
			name = Debug;
		};
		1ECE8F032DB62D240041C938 /* Release */ = {
			isa = XCBuildConfiguration;
			buildSettings = {
				ALWAYS_SEARCH_USER_PATHS = NO;
				ASSETCATALOG_COMPILER_GENERATE_SWIFT_ASSET_SYMBOL_EXTENSIONS = YES;
				CLANG_ANALYZER_NONNULL = YES;
				CLANG_ANALYZER_NUMBER_OBJECT_CONVERSION = YES_AGGRESSIVE;
				CLANG_CXX_LANGUAGE_STANDARD = "gnu++20";
				CLANG_ENABLE_MODULES = YES;
				CLANG_ENABLE_OBJC_ARC = YES;
				CLANG_ENABLE_OBJC_WEAK = YES;
				CLANG_WARN_BLOCK_CAPTURE_AUTORELEASING = YES;
				CLANG_WARN_BOOL_CONVERSION = YES;
				CLANG_WARN_COMMA = YES;
				CLANG_WARN_CONSTANT_CONVERSION = YES;
				CLANG_WARN_DEPRECATED_OBJC_IMPLEMENTATIONS = YES;
				CLANG_WARN_DIRECT_OBJC_ISA_USAGE = YES_ERROR;
				CLANG_WARN_DOCUMENTATION_COMMENTS = YES;
				CLANG_WARN_EMPTY_BODY = YES;
				CLANG_WARN_ENUM_CONVERSION = YES;
				CLANG_WARN_INFINITE_RECURSION = YES;
				CLANG_WARN_INT_CONVERSION = YES;
				CLANG_WARN_NON_LITERAL_NULL_CONVERSION = YES;
				CLANG_WARN_OBJC_IMPLICIT_RETAIN_SELF = YES;
				CLANG_WARN_OBJC_LITERAL_CONVERSION = YES;
				CLANG_WARN_OBJC_ROOT_CLASS = YES_ERROR;
				CLANG_WARN_QUOTED_INCLUDE_IN_FRAMEWORK_HEADER = YES;
				CLANG_WARN_RANGE_LOOP_ANALYSIS = YES;
				CLANG_WARN_STRICT_PROTOTYPES = YES;
				CLANG_WARN_SUSPICIOUS_MOVE = YES;
				CLANG_WARN_UNGUARDED_AVAILABILITY = YES_AGGRESSIVE;
				CLANG_WARN_UNREACHABLE_CODE = YES;
				CLANG_WARN__DUPLICATE_METHOD_MATCH = YES;
				COPY_PHASE_STRIP = NO;
				DEBUG_INFORMATION_FORMAT = "dwarf-with-dsym";
				DEVELOPMENT_TEAM = QWDQBH43YB;
				ENABLE_NS_ASSERTIONS = NO;
				ENABLE_STRICT_OBJC_MSGSEND = YES;
				ENABLE_USER_SCRIPT_SANDBOXING = YES;
				GCC_C_LANGUAGE_STANDARD = gnu17;
				GCC_NO_COMMON_BLOCKS = YES;
				GCC_WARN_64_TO_32_BIT_CONVERSION = YES;
				GCC_WARN_ABOUT_RETURN_TYPE = YES_ERROR;
				GCC_WARN_UNDECLARED_SELECTOR = YES;
				GCC_WARN_UNINITIALIZED_AUTOS = YES_AGGRESSIVE;
				GCC_WARN_UNUSED_FUNCTION = YES;
				GCC_WARN_UNUSED_VARIABLE = YES;
				IPHONEOS_DEPLOYMENT_TARGET = 18.4;
				LOCALIZATION_PREFERS_STRING_CATALOGS = YES;
				MTL_ENABLE_DEBUG_INFO = NO;
				MTL_FAST_MATH = YES;
				SDKROOT = iphoneos;
				SWIFT_COMPILATION_MODE = wholemodule;
				VALIDATE_PRODUCT = YES;
			};
			name = Release;
		};
		1ECE8F052DB62D240041C938 /* Debug */ = {
			isa = XCBuildConfiguration;
			buildSettings = {
				ASSETCATALOG_COMPILER_APPICON_NAME = AppIcon;
				ASSETCATALOG_COMPILER_GLOBAL_ACCENT_COLOR_NAME = AccentColor;
				CODE_SIGN_STYLE = Automatic;
				CURRENT_PROJECT_VERSION = 1;
				DEVELOPMENT_TEAM = QWDQBH43YB;
				ENABLE_PREVIEWS = YES;
				GENERATE_INFOPLIST_FILE = YES;
				INFOPLIST_KEY_UIApplicationSceneManifest_Generation = YES;
				INFOPLIST_KEY_UIApplicationSupportsIndirectInputEvents = YES;
				INFOPLIST_KEY_UILaunchScreen_Generation = YES;
				INFOPLIST_KEY_UISupportedInterfaceOrientations_iPad = "UIInterfaceOrientationPortrait UIInterfaceOrientationPortraitUpsideDown UIInterfaceOrientationLandscapeLeft UIInterfaceOrientationLandscapeRight";
				INFOPLIST_KEY_UISupportedInterfaceOrientations_iPhone = "UIInterfaceOrientationPortrait UIInterfaceOrientationLandscapeLeft UIInterfaceOrientationLandscapeRight";
				LD_RUNPATH_SEARCH_PATHS = (
					"$(inherited)",
					"@executable_path/Frameworks",
				);
				MARKETING_VERSION = 1.0;
				PRODUCT_BUNDLE_IDENTIFIER = com.swiftui.ywh.YWHPokeMaster;
				PRODUCT_NAME = "$(TARGET_NAME)";
				SWIFT_EMIT_LOC_STRINGS = YES;
				SWIFT_VERSION = 5.0;
				TARGETED_DEVICE_FAMILY = "1,2";
			};
			name = Debug;
		};
		1ECE8F062DB62D240041C938 /* Release */ = {
			isa = XCBuildConfiguration;
			buildSettings = {
				ASSETCATALOG_COMPILER_APPICON_NAME = AppIcon;
				ASSETCATALOG_COMPILER_GLOBAL_ACCENT_COLOR_NAME = AccentColor;
				CODE_SIGN_STYLE = Automatic;
				CURRENT_PROJECT_VERSION = 1;
				DEVELOPMENT_TEAM = QWDQBH43YB;
				ENABLE_PREVIEWS = YES;
				GENERATE_INFOPLIST_FILE = YES;
				INFOPLIST_KEY_UIApplicationSceneManifest_Generation = YES;
				INFOPLIST_KEY_UIApplicationSupportsIndirectInputEvents = YES;
				INFOPLIST_KEY_UILaunchScreen_Generation = YES;
				INFOPLIST_KEY_UISupportedInterfaceOrientations_iPad = "UIInterfaceOrientationPortrait UIInterfaceOrientationPortraitUpsideDown UIInterfaceOrientationLandscapeLeft UIInterfaceOrientationLandscapeRight";
				INFOPLIST_KEY_UISupportedInterfaceOrientations_iPhone = "UIInterfaceOrientationPortrait UIInterfaceOrientationLandscapeLeft UIInterfaceOrientationLandscapeRight";
				LD_RUNPATH_SEARCH_PATHS = (
					"$(inherited)",
					"@executable_path/Frameworks",
				);
				MARKETING_VERSION = 1.0;
				PRODUCT_BUNDLE_IDENTIFIER = com.swiftui.ywh.YWHPokeMaster;
				PRODUCT_NAME = "$(TARGET_NAME)";
				SWIFT_EMIT_LOC_STRINGS = YES;
				SWIFT_VERSION = 5.0;
				TARGETED_DEVICE_FAMILY = "1,2";
			};
			name = Release;
		};
		1ECE8F082DB62D240041C938 /* Debug */ = {
			isa = XCBuildConfiguration;
			buildSettings = {
				BUNDLE_LOADER = "$(TEST_HOST)";
				CODE_SIGN_STYLE = Automatic;
				CURRENT_PROJECT_VERSION = 1;
				DEVELOPMENT_TEAM = QWDQBH43YB;
				GENERATE_INFOPLIST_FILE = YES;
				IPHONEOS_DEPLOYMENT_TARGET = 18.4;
				MARKETING_VERSION = 1.0;
				PRODUCT_BUNDLE_IDENTIFIER = com.swiftui.ywh.YWHPokeMasterTests;
				PRODUCT_NAME = "$(TARGET_NAME)";
				SWIFT_EMIT_LOC_STRINGS = NO;
				SWIFT_VERSION = 5.0;
				TARGETED_DEVICE_FAMILY = "1,2";
				TEST_HOST = "$(BUILT_PRODUCTS_DIR)/YWHPokeMaster.app/$(BUNDLE_EXECUTABLE_FOLDER_PATH)/YWHPokeMaster";
			};
			name = Debug;
		};
		1ECE8F092DB62D240041C938 /* Release */ = {
			isa = XCBuildConfiguration;
			buildSettings = {
				BUNDLE_LOADER = "$(TEST_HOST)";
				CODE_SIGN_STYLE = Automatic;
				CURRENT_PROJECT_VERSION = 1;
				DEVELOPMENT_TEAM = QWDQBH43YB;
				GENERATE_INFOPLIST_FILE = YES;
				IPHONEOS_DEPLOYMENT_TARGET = 18.4;
				MARKETING_VERSION = 1.0;
				PRODUCT_BUNDLE_IDENTIFIER = com.swiftui.ywh.YWHPokeMasterTests;
				PRODUCT_NAME = "$(TARGET_NAME)";
				SWIFT_EMIT_LOC_STRINGS = NO;
				SWIFT_VERSION = 5.0;
				TARGETED_DEVICE_FAMILY = "1,2";
				TEST_HOST = "$(BUILT_PRODUCTS_DIR)/YWHPokeMaster.app/$(BUNDLE_EXECUTABLE_FOLDER_PATH)/YWHPokeMaster";
			};
			name = Release;
		};
		1ECE8F0B2DB62D240041C938 /* Debug */ = {
			isa = XCBuildConfiguration;
			buildSettings = {
				CODE_SIGN_STYLE = Automatic;
				CURRENT_PROJECT_VERSION = 1;
				DEVELOPMENT_TEAM = QWDQBH43YB;
				GENERATE_INFOPLIST_FILE = YES;
				MARKETING_VERSION = 1.0;
				PRODUCT_BUNDLE_IDENTIFIER = com.swiftui.ywh.YWHPokeMasterUITests;
				PRODUCT_NAME = "$(TARGET_NAME)";
				SWIFT_EMIT_LOC_STRINGS = NO;
				SWIFT_VERSION = 5.0;
				TARGETED_DEVICE_FAMILY = "1,2";
				TEST_TARGET_NAME = YWHPokeMaster;
			};
			name = Debug;
		};
		1ECE8F0C2DB62D240041C938 /* Release */ = {
			isa = XCBuildConfiguration;
			buildSettings = {
				CODE_SIGN_STYLE = Automatic;
				CURRENT_PROJECT_VERSION = 1;
				DEVELOPMENT_TEAM = QWDQBH43YB;
				GENERATE_INFOPLIST_FILE = YES;
				MARKETING_VERSION = 1.0;
				PRODUCT_BUNDLE_IDENTIFIER = com.swiftui.ywh.YWHPokeMasterUITests;
				PRODUCT_NAME = "$(TARGET_NAME)";
				SWIFT_EMIT_LOC_STRINGS = NO;
				SWIFT_VERSION = 5.0;
				TARGETED_DEVICE_FAMILY = "1,2";
				TEST_TARGET_NAME = YWHPokeMaster;
			};
			name = Release;
		};
/* End XCBuildConfiguration section */

/* Begin XCConfigurationList section */
		1ECE8EDE2DB62D230041C938 /* Build configuration list for PBXProject "YWHPokeMaster" */ = {
			isa = XCConfigurationList;
			buildConfigurations = (
				1ECE8F022DB62D240041C938 /* Debug */,
				1ECE8F032DB62D240041C938 /* Release */,
			);
			defaultConfigurationIsVisible = 0;
			defaultConfigurationName = Release;
		};
		1ECE8F042DB62D240041C938 /* Build configuration list for PBXNativeTarget "YWHPokeMaster" */ = {
			isa = XCConfigurationList;
			buildConfigurations = (
				1ECE8F052DB62D240041C938 /* Debug */,
				1ECE8F062DB62D240041C938 /* Release */,
			);
			defaultConfigurationIsVisible = 0;
			defaultConfigurationName = Release;
		};
		1ECE8F072DB62D240041C938 /* Build configuration list for PBXNativeTarget "YWHPokeMasterTests" */ = {
			isa = XCConfigurationList;
			buildConfigurations = (
				1ECE8F082DB62D240041C938 /* Debug */,
				1ECE8F092DB62D240041C938 /* Release */,
			);
			defaultConfigurationIsVisible = 0;
			defaultConfigurationName = Release;
		};
		1ECE8F0A2DB62D240041C938 /* Build configuration list for PBXNativeTarget "YWHPokeMasterUITests" */ = {
			isa = XCConfigurationList;
			buildConfigurations = (
				1ECE8F0B2DB62D240041C938 /* Debug */,
				1ECE8F0C2DB62D240041C938 /* Release */,
			);
			defaultConfigurationIsVisible = 0;
			defaultConfigurationName = Release;
		};
/* End XCConfigurationList section */
	};
	rootObject = 1ECE8EDB2DB62D230041C938 /* Project object */;
}
