// !$*UTF8*$!
{
	archiveVersion = 1;
	classes = {
	};
	objectVersion = 77;
	objects = {

/* Begin PBXContainerItemProxy section */
		1EAB94FD2DAF8665005BC9A5 /* PBXContainerItemProxy */ = {
			isa = PBXContainerItemProxy;
			containerPortal = 1EAB94E72DAF8663005BC9A5 /* Project object */;
			proxyType = 1;
			remoteGlobalIDString = 1EAB94EE2DAF8663005BC9A5;
			remoteInfo = YWHCalculator;
		};
		1EAB95072DAF8665005BC9A5 /* PBXContainerItemProxy */ = {
			isa = PBXContainerItemProxy;
			containerPortal = 1EAB94E72DAF8663005BC9A5 /* Project object */;
			proxyType = 1;
			remoteGlobalIDString = 1EAB94EE2DAF8663005BC9A5;
			remoteInfo = YWHCalculator;
		};
/* End PBXContainerItemProxy section */

/* Begin PBXFileReference section */
		1EAB94EF2DAF8663005BC9A5 /* YWHCalculator.app */ = {isa = PBXFileReference; explicitFileType = wrapper.application; includeInIndex = 0; path = YWHCalculator.app; sourceTree = BUILT_PRODUCTS_DIR; };
		1EAB94FC2DAF8665005BC9A5 /* YWHCalculatorTests.xctest */ = {isa = PBXFileReference; explicitFileType = wrapper.cfbundle; includeInIndex = 0; path = YWHCalculatorTests.xctest; sourceTree = BUILT_PRODUCTS_DIR; };
		1EAB95062DAF8665005BC9A5 /* YWHCalculatorUITests.xctest */ = {isa = PBXFileReference; explicitFileType = wrapper.cfbundle; includeInIndex = 0; path = YWHCalculatorUITests.xctest; sourceTree = BUILT_PRODUCTS_DIR; };
/* End PBXFileReference section */

/* Begin PBXFileSystemSynchronizedRootGroup section */
		1EAB94F12DAF8663005BC9A5 /* YWHCalculator */ = {
			isa = PBXFileSystemSynchronizedRootGroup;
			path = YWHCalculator;
			sourceTree = "<group>";
		};
		1EAB94FF2DAF8665005BC9A5 /* YWHCalculatorTests */ = {
			isa = PBXFileSystemSynchronizedRootGroup;
			path = YWHCalculatorTests;
			sourceTree = "<group>";
		};
		1EAB95092DAF8665005BC9A5 /* YWHCalculatorUITests */ = {
			isa = PBXFileSystemSynchronizedRootGroup;
			path = YWHCalculatorUITests;
			sourceTree = "<group>";
		};
/* End PBXFileSystemSynchronizedRootGroup section */

/* Begin PBXFrameworksBuildPhase section */
		1EAB94EC2DAF8663005BC9A5 /* Frameworks */ = {
			isa = PBXFrameworksBuildPhase;
			buildActionMask = 2147483647;
			files = (
			);
			runOnlyForDeploymentPostprocessing = 0;
		};
		1EAB94F92DAF8665005BC9A5 /* Frameworks */ = {
			isa = PBXFrameworksBuildPhase;
			buildActionMask = 2147483647;
			files = (
			);
			runOnlyForDeploymentPostprocessing = 0;
		};
		1EAB95032DAF8665005BC9A5 /* Frameworks */ = {
			isa = PBXFrameworksBuildPhase;
			buildActionMask = 2147483647;
			files = (
			);
			runOnlyForDeploymentPostprocessing = 0;
		};
/* End PBXFrameworksBuildPhase section */

/* Begin PBXGroup section */
		1EAB94E62DAF8663005BC9A5 = {
			isa = PBXGroup;
			children = (
				1EAB94F12DAF8663005BC9A5 /* YWHCalculator */,
				1EAB94FF2DAF8665005BC9A5 /* YWHCalculatorTests */,
				1EAB95092DAF8665005BC9A5 /* YWHCalculatorUITests */,
				1EAB94F02DAF8663005BC9A5 /* Products */,
			);
			sourceTree = "<group>";
		};
		1EAB94F02DAF8663005BC9A5 /* Products */ = {
			isa = PBXGroup;
			children = (
				1EAB94EF2DAF8663005BC9A5 /* YWHCalculator.app */,
				1EAB94FC2DAF8665005BC9A5 /* YWHCalculatorTests.xctest */,
				1EAB95062DAF8665005BC9A5 /* YWHCalculatorUITests.xctest */,
			);
			name = Products;
			sourceTree = "<group>";
		};
/* End PBXGroup section */

/* Begin PBXNativeTarget section */
		1EAB94EE2DAF8663005BC9A5 /* YWHCalculator */ = {
			isa = PBXNativeTarget;
			buildConfigurationList = 1EAB95102DAF8665005BC9A5 /* Build configuration list for PBXNativeTarget "YWHCalculator" */;
			buildPhases = (
				1EAB94EB2DAF8663005BC9A5 /* Sources */,
				1EAB94EC2DAF8663005BC9A5 /* Frameworks */,
				1EAB94ED2DAF8663005BC9A5 /* Resources */,
			);
			buildRules = (
			);
			dependencies = (
			);
			fileSystemSynchronizedGroups = (
				1EAB94F12DAF8663005BC9A5 /* YWHCalculator */,
			);
			name = YWHCalculator;
			packageProductDependencies = (
			);
			productName = YWHCalculator;
			productReference = 1EAB94EF2DAF8663005BC9A5 /* YWHCalculator.app */;
			productType = "com.apple.product-type.application";
		};
		1EAB94FB2DAF8665005BC9A5 /* YWHCalculatorTests */ = {
			isa = PBXNativeTarget;
			buildConfigurationList = 1EAB95132DAF8665005BC9A5 /* Build configuration list for PBXNativeTarget "YWHCalculatorTests" */;
			buildPhases = (
				1EAB94F82DAF8665005BC9A5 /* Sources */,
				1EAB94F92DAF8665005BC9A5 /* Frameworks */,
				1EAB94FA2DAF8665005BC9A5 /* Resources */,
			);
			buildRules = (
			);
			dependencies = (
				1EAB94FE2DAF8665005BC9A5 /* PBXTargetDependency */,
			);
			fileSystemSynchronizedGroups = (
				1EAB94FF2DAF8665005BC9A5 /* YWHCalculatorTests */,
			);
			name = YWHCalculatorTests;
			packageProductDependencies = (
			);
			productName = YWHCalculatorTests;
			productReference = 1EAB94FC2DAF8665005BC9A5 /* YWHCalculatorTests.xctest */;
			productType = "com.apple.product-type.bundle.unit-test";
		};
		1EAB95052DAF8665005BC9A5 /* YWHCalculatorUITests */ = {
			isa = PBXNativeTarget;
			buildConfigurationList = 1EAB95162DAF8665005BC9A5 /* Build configuration list for PBXNativeTarget "YWHCalculatorUITests" */;
			buildPhases = (
				1EAB95022DAF8665005BC9A5 /* Sources */,
				1EAB95032DAF8665005BC9A5 /* Frameworks */,
				1EAB95042DAF8665005BC9A5 /* Resources */,
			);
			buildRules = (
			);
			dependencies = (
				1EAB95082DAF8665005BC9A5 /* PBXTargetDependency */,
			);
			fileSystemSynchronizedGroups = (
				1EAB95092DAF8665005BC9A5 /* YWHCalculatorUITests */,
			);
			name = YWHCalculatorUITests;
			packageProductDependencies = (
			);
			productName = YWHCalculatorUITests;
			productReference = 1EAB95062DAF8665005BC9A5 /* YWHCalculatorUITests.xctest */;
			productType = "com.apple.product-type.bundle.ui-testing";
		};
/* End PBXNativeTarget section */

/* Begin PBXProject section */
		1EAB94E72DAF8663005BC9A5 /* Project object */ = {
			isa = PBXProject;
			attributes = {
				BuildIndependentTargetsInParallel = 1;
				LastSwiftUpdateCheck = 1630;
				LastUpgradeCheck = 1630;
				TargetAttributes = {
					1EAB94EE2DAF8663005BC9A5 = {
						CreatedOnToolsVersion = 16.3;
					};
					1EAB94FB2DAF8665005BC9A5 = {
						CreatedOnToolsVersion = 16.3;
						TestTargetID = 1EAB94EE2DAF8663005BC9A5;
					};
					1EAB95052DAF8665005BC9A5 = {
						CreatedOnToolsVersion = 16.3;
						TestTargetID = 1EAB94EE2DAF8663005BC9A5;
					};
				};
			};
			buildConfigurationList = 1EAB94EA2DAF8663005BC9A5 /* Build configuration list for PBXProject "YWHCalculator" */;
			developmentRegion = en;
			hasScannedForEncodings = 0;
			knownRegions = (
				en,
				Base,
			);
			mainGroup = 1EAB94E62DAF8663005BC9A5;
			minimizedProjectReferenceProxies = 1;
			preferredProjectObjectVersion = 77;
			productRefGroup = 1EAB94F02DAF8663005BC9A5 /* Products */;
			projectDirPath = "";
			projectRoot = "";
			targets = (
				1EAB94EE2DAF8663005BC9A5 /* YWHCalculator */,
				1EAB94FB2DAF8665005BC9A5 /* YWHCalculatorTests */,
				1EAB95052DAF8665005BC9A5 /* YWHCalculatorUITests */,
			);
		};
/* End PBXProject section */

/* Begin PBXResourcesBuildPhase section */
		1EAB94ED2DAF8663005BC9A5 /* Resources */ = {
			isa = PBXResourcesBuildPhase;
			buildActionMask = 2147483647;
			files = (
			);
			runOnlyForDeploymentPostprocessing = 0;
		};
		1EAB94FA2DAF8665005BC9A5 /* Resources */ = {
			isa = PBXResourcesBuildPhase;
			buildActionMask = 2147483647;
			files = (
			);
			runOnlyForDeploymentPostprocessing = 0;
		};
		1EAB95042DAF8665005BC9A5 /* Resources */ = {
			isa = PBXResourcesBuildPhase;
			buildActionMask = 2147483647;
			files = (
			);
			runOnlyForDeploymentPostprocessing = 0;
		};
/* End PBXResourcesBuildPhase section */

/* Begin PBXSourcesBuildPhase section */
		1EAB94EB2DAF8663005BC9A5 /* Sources */ = {
			isa = PBXSourcesBuildPhase;
			buildActionMask = 2147483647;
			files = (
			);
			runOnlyForDeploymentPostprocessing = 0;
		};
		1EAB94F82DAF8665005BC9A5 /* Sources */ = {
			isa = PBXSourcesBuildPhase;
			buildActionMask = 2147483647;
			files = (
			);
			runOnlyForDeploymentPostprocessing = 0;
		};
		1EAB95022DAF8665005BC9A5 /* Sources */ = {
			isa = PBXSourcesBuildPhase;
			buildActionMask = 2147483647;
			files = (
			);
			runOnlyForDeploymentPostprocessing = 0;
		};
/* End PBXSourcesBuildPhase section */

/* Begin PBXTargetDependency section */
		1EAB94FE2DAF8665005BC9A5 /* PBXTargetDependency */ = {
			isa = PBXTargetDependency;
			target = 1EAB94EE2DAF8663005BC9A5 /* YWHCalculator */;
			targetProxy = 1EAB94FD2DAF8665005BC9A5 /* PBXContainerItemProxy */;
		};
		1EAB95082DAF8665005BC9A5 /* PBXTargetDependency */ = {
			isa = PBXTargetDependency;
			target = 1EAB94EE2DAF8663005BC9A5 /* YWHCalculator */;
			targetProxy = 1EAB95072DAF8665005BC9A5 /* PBXContainerItemProxy */;
		};
/* End PBXTargetDependency section */

/* Begin XCBuildConfiguration section */
		1EAB950E2DAF8665005BC9A5 /* Debug */ = {
			isa = XCBuildConfiguration;
			buildSettings = {
				ALWAYS_SEARCH_USER_PATHS = NO;
				ASSETCATALOG_COMPILER_GENERATE_SWIFT_ASSET_SYMBOL_EXTENSIONS = YES;
				CLANG_ANALYZER_NONNULL = YES;
				CLANG_ANALYZER_NUMBER_OBJECT_CONVERSION = YES_AGGRESSIVE;
				CLANG_CXX_LANGUAGE_STANDARD = "gnu++20";
				CLANG_ENABLE_MODULES = YES;
				CLANG_ENABLE_OBJC_ARC = YES;
				CLANG_ENABLE_OBJC_WEAK = YES;
				CLANG_WARN_BLOCK_CAPTURE_AUTORELEASING = YES;
				CLANG_WARN_BOOL_CONVERSION = YES;
				CLANG_WARN_COMMA = YES;
				CLANG_WARN_CONSTANT_CONVERSION = YES;
				CLANG_WARN_DEPRECATED_OBJC_IMPLEMENTATIONS = YES;
				CLANG_WARN_DIRECT_OBJC_ISA_USAGE = YES_ERROR;
				CLANG_WARN_DOCUMENTATION_COMMENTS = YES;
				CLANG_WARN_EMPTY_BODY = YES;
				CLANG_WARN_ENUM_CONVERSION = YES;
				CLANG_WARN_INFINITE_RECURSION = YES;
				CLANG_WARN_INT_CONVERSION = YES;
				CLANG_WARN_NON_LITERAL_NULL_CONVERSION = YES;
				CLANG_WARN_OBJC_IMPLICIT_RETAIN_SELF = YES;
				CLANG_WARN_OBJC_LITERAL_CONVERSION = YES;
				CLANG_WARN_OBJC_ROOT_CLASS = YES_ERROR;
				CLANG_WARN_QUOTED_INCLUDE_IN_FRAMEWORK_HEADER = YES;
				CLANG_WARN_RANGE_LOOP_ANALYSIS = YES;
				CLANG_WARN_STRICT_PROTOTYPES = YES;
				CLANG_WARN_SUSPICIOUS_MOVE = YES;
				CLANG_WARN_UNGUARDED_AVAILABILITY = YES_AGGRESSIVE;
				CLANG_WARN_UNREACHABLE_CODE = YES;
				CLANG_WARN__DUPLICATE_METHOD_MATCH = YES;
				COPY_PHASE_STRIP = NO;
				DEBUG_INFORMATION_FORMAT = dwarf;
				DEVELOPMENT_TEAM = QWDQBH43YB;
				ENABLE_STRICT_OBJC_MSGSEND = YES;
				ENABLE_TESTABILITY = YES;
				ENABLE_USER_SCRIPT_SANDBOXING = YES;
				GCC_C_LANGUAGE_STANDARD = gnu17;
				GCC_DYNAMIC_NO_PIC = NO;
				GCC_NO_COMMON_BLOCKS = YES;
				GCC_OPTIMIZATION_LEVEL = 0;
				GCC_PREPROCESSOR_DEFINITIONS = (
					"DEBUG=1",
					"$(inherited)",
				);
				GCC_WARN_64_TO_32_BIT_CONVERSION = YES;
				GCC_WARN_ABOUT_RETURN_TYPE = YES_ERROR;
				GCC_WARN_UNDECLARED_SELECTOR = YES;
				GCC_WARN_UNINITIALIZED_AUTOS = YES_AGGRESSIVE;
				GCC_WARN_UNUSED_FUNCTION = YES;
				GCC_WARN_UNUSED_VARIABLE = YES;
				IPHONEOS_DEPLOYMENT_TARGET = 18.4;
				LOCALIZATION_PREFERS_STRING_CATALOGS = YES;
				MTL_ENABLE_DEBUG_INFO = INCLUDE_SOURCE;
				MTL_FAST_MATH = YES;
				ONLY_ACTIVE_ARCH = YES;
				SDKROOT = iphoneos;
				SWIFT_ACTIVE_COMPILATION_CONDITIONS = "DEBUG $(inherited)";
				SWIFT_OPTIMIZATION_LEVEL = "-Onone";
			};
			name = Debug;
		};
		1EAB950F2DAF8665005BC9A5 /* Release */ = {
			isa = XCBuildConfiguration;
			buildSettings = {
				ALWAYS_SEARCH_USER_PATHS = NO;
				ASSETCATALOG_COMPILER_GENERATE_SWIFT_ASSET_SYMBOL_EXTENSIONS = YES;
				CLANG_ANALYZER_NONNULL = YES;
				CLANG_ANALYZER_NUMBER_OBJECT_CONVERSION = YES_AGGRESSIVE;
				CLANG_CXX_LANGUAGE_STANDARD = "gnu++20";
				CLANG_ENABLE_MODULES = YES;
				CLANG_ENABLE_OBJC_ARC = YES;
				CLANG_ENABLE_OBJC_WEAK = YES;
				CLANG_WARN_BLOCK_CAPTURE_AUTORELEASING = YES;
				CLANG_WARN_BOOL_CONVERSION = YES;
				CLANG_WARN_COMMA = YES;
				CLANG_WARN_CONSTANT_CONVERSION = YES;
				CLANG_WARN_DEPRECATED_OBJC_IMPLEMENTATIONS = YES;
				CLANG_WARN_DIRECT_OBJC_ISA_USAGE = YES_ERROR;
				CLANG_WARN_DOCUMENTATION_COMMENTS = YES;
				CLANG_WARN_EMPTY_BODY = YES;
				CLANG_WARN_ENUM_CONVERSION = YES;
				CLANG_WARN_INFINITE_RECURSION = YES;
				CLANG_WARN_INT_CONVERSION = YES;
				CLANG_WARN_NON_LITERAL_NULL_CONVERSION = YES;
				CLANG_WARN_OBJC_IMPLICIT_RETAIN_SELF = YES;
				CLANG_WARN_OBJC_LITERAL_CONVERSION = YES;
				CLANG_WARN_OBJC_ROOT_CLASS = YES_ERROR;
				CLANG_WARN_QUOTED_INCLUDE_IN_FRAMEWORK_HEADER = YES;
				CLANG_WARN_RANGE_LOOP_ANALYSIS = YES;
				CLANG_WARN_STRICT_PROTOTYPES = YES;
				CLANG_WARN_SUSPICIOUS_MOVE = YES;
				CLANG_WARN_UNGUARDED_AVAILABILITY = YES_AGGRESSIVE;
				CLANG_WARN_UNREACHABLE_CODE = YES;
				CLANG_WARN__DUPLICATE_METHOD_MATCH = YES;
				COPY_PHASE_STRIP = NO;
				DEBUG_INFORMATION_FORMAT = "dwarf-with-dsym";
				DEVELOPMENT_TEAM = QWDQBH43YB;
				ENABLE_NS_ASSERTIONS = NO;
				ENABLE_STRICT_OBJC_MSGSEND = YES;
				ENABLE_USER_SCRIPT_SANDBOXING = YES;
				GCC_C_LANGUAGE_STANDARD = gnu17;
				GCC_NO_COMMON_BLOCKS = YES;
				GCC_WARN_64_TO_32_BIT_CONVERSION = YES;
				GCC_WARN_ABOUT_RETURN_TYPE = YES_ERROR;
				GCC_WARN_UNDECLARED_SELECTOR = YES;
				GCC_WARN_UNINITIALIZED_AUTOS = YES_AGGRESSIVE;
				GCC_WARN_UNUSED_FUNCTION = YES;
				GCC_WARN_UNUSED_VARIABLE = YES;
				IPHONEOS_DEPLOYMENT_TARGET = 18.4;
				LOCALIZATION_PREFERS_STRING_CATALOGS = YES;
				MTL_ENABLE_DEBUG_INFO = NO;
				MTL_FAST_MATH = YES;
				SDKROOT = iphoneos;
				SWIFT_COMPILATION_MODE = wholemodule;
				VALIDATE_PRODUCT = YES;
			};
			name = Release;
		};
		1EAB95112DAF8665005BC9A5 /* Debug */ = {
			isa = XCBuildConfiguration;
			buildSettings = {
				ASSETCATALOG_COMPILER_APPICON_NAME = AppIcon;
				ASSETCATALOG_COMPILER_GLOBAL_ACCENT_COLOR_NAME = AccentColor;
				CODE_SIGN_STYLE = Automatic;
				CURRENT_PROJECT_VERSION = 1;
				DEVELOPMENT_TEAM = QWDQBH43YB;
				ENABLE_PREVIEWS = YES;
				GENERATE_INFOPLIST_FILE = YES;
				INFOPLIST_KEY_UIApplicationSceneManifest_Generation = YES;
				INFOPLIST_KEY_UIApplicationSupportsIndirectInputEvents = YES;
				INFOPLIST_KEY_UILaunchScreen_Generation = YES;
				INFOPLIST_KEY_UISupportedInterfaceOrientations_iPad = "UIInterfaceOrientationPortrait UIInterfaceOrientationPortraitUpsideDown UIInterfaceOrientationLandscapeLeft UIInterfaceOrientationLandscapeRight";
				INFOPLIST_KEY_UISupportedInterfaceOrientations_iPhone = "UIInterfaceOrientationPortrait UIInterfaceOrientationLandscapeLeft UIInterfaceOrientationLandscapeRight";
				LD_RUNPATH_SEARCH_PATHS = (
					"$(inherited)",
					"@executable_path/Frameworks",
				);
				MARKETING_VERSION = 1.0;
				PRODUCT_BUNDLE_IDENTIFIER = com.swiftui.ywh.YWHCalculator;
				PRODUCT_NAME = "$(TARGET_NAME)";
				SWIFT_EMIT_LOC_STRINGS = YES;
				SWIFT_VERSION = 5.0;
				TARGETED_DEVICE_FAMILY = "1,2";
			};
			name = Debug;
		};
		1EAB95122DAF8665005BC9A5 /* Release */ = {
			isa = XCBuildConfiguration;
			buildSettings = {
				ASSETCATALOG_COMPILER_APPICON_NAME = AppIcon;
				ASSETCATALOG_COMPILER_GLOBAL_ACCENT_COLOR_NAME = AccentColor;
				CODE_SIGN_STYLE = Automatic;
				CURRENT_PROJECT_VERSION = 1;
				DEVELOPMENT_TEAM = QWDQBH43YB;
				ENABLE_PREVIEWS = YES;
				GENERATE_INFOPLIST_FILE = YES;
				INFOPLIST_KEY_UIApplicationSceneManifest_Generation = YES;
				INFOPLIST_KEY_UIApplicationSupportsIndirectInputEvents = YES;
				INFOPLIST_KEY_UILaunchScreen_Generation = YES;
				INFOPLIST_KEY_UISupportedInterfaceOrientations_iPad = "UIInterfaceOrientationPortrait UIInterfaceOrientationPortraitUpsideDown UIInterfaceOrientationLandscapeLeft UIInterfaceOrientationLandscapeRight";
				INFOPLIST_KEY_UISupportedInterfaceOrientations_iPhone = "UIInterfaceOrientationPortrait UIInterfaceOrientationLandscapeLeft UIInterfaceOrientationLandscapeRight";
				LD_RUNPATH_SEARCH_PATHS = (
					"$(inherited)",
					"@executable_path/Frameworks",
				);
				MARKETING_VERSION = 1.0;
				PRODUCT_BUNDLE_IDENTIFIER = com.swiftui.ywh.YWHCalculator;
				PRODUCT_NAME = "$(TARGET_NAME)";
				SWIFT_EMIT_LOC_STRINGS = YES;
				SWIFT_VERSION = 5.0;
				TARGETED_DEVICE_FAMILY = "1,2";
			};
			name = Release;
		};
		1EAB95142DAF8665005BC9A5 /* Debug */ = {
			isa = XCBuildConfiguration;
			buildSettings = {
				BUNDLE_LOADER = "$(TEST_HOST)";
				CODE_SIGN_STYLE = Automatic;
				CURRENT_PROJECT_VERSION = 1;
				DEVELOPMENT_TEAM = QWDQBH43YB;
				GENERATE_INFOPLIST_FILE = YES;
				IPHONEOS_DEPLOYMENT_TARGET = 18.4;
				MARKETING_VERSION = 1.0;
				PRODUCT_BUNDLE_IDENTIFIER = com.swiftui.ywh.YWHCalculatorTests;
				PRODUCT_NAME = "$(TARGET_NAME)";
				SWIFT_EMIT_LOC_STRINGS = NO;
				SWIFT_VERSION = 5.0;
				TARGETED_DEVICE_FAMILY = "1,2";
				TEST_HOST = "$(BUILT_PRODUCTS_DIR)/YWHCalculator.app/$(BUNDLE_EXECUTABLE_FOLDER_PATH)/YWHCalculator";
			};
			name = Debug;
		};
		1EAB95152DAF8665005BC9A5 /* Release */ = {
			isa = XCBuildConfiguration;
			buildSettings = {
				BUNDLE_LOADER = "$(TEST_HOST)";
				CODE_SIGN_STYLE = Automatic;
				CURRENT_PROJECT_VERSION = 1;
				DEVELOPMENT_TEAM = QWDQBH43YB;
				GENERATE_INFOPLIST_FILE = YES;
				IPHONEOS_DEPLOYMENT_TARGET = 18.4;
				MARKETING_VERSION = 1.0;
				PRODUCT_BUNDLE_IDENTIFIER = com.swiftui.ywh.YWHCalculatorTests;
				PRODUCT_NAME = "$(TARGET_NAME)";
				SWIFT_EMIT_LOC_STRINGS = NO;
				SWIFT_VERSION = 5.0;
				TARGETED_DEVICE_FAMILY = "1,2";
				TEST_HOST = "$(BUILT_PRODUCTS_DIR)/YWHCalculator.app/$(BUNDLE_EXECUTABLE_FOLDER_PATH)/YWHCalculator";
			};
			name = Release;
		};
		1EAB95172DAF8665005BC9A5 /* Debug */ = {
			isa = XCBuildConfiguration;
			buildSettings = {
				CODE_SIGN_STYLE = Automatic;
				CURRENT_PROJECT_VERSION = 1;
				DEVELOPMENT_TEAM = QWDQBH43YB;
				GENERATE_INFOPLIST_FILE = YES;
				MARKETING_VERSION = 1.0;
				PRODUCT_BUNDLE_IDENTIFIER = com.swiftui.ywh.YWHCalculatorUITests;
				PRODUCT_NAME = "$(TARGET_NAME)";
				SWIFT_EMIT_LOC_STRINGS = NO;
				SWIFT_VERSION = 5.0;
				TARGETED_DEVICE_FAMILY = "1,2";
				TEST_TARGET_NAME = YWHCalculator;
			};
			name = Debug;
		};
		1EAB95182DAF8665005BC9A5 /* Release */ = {
			isa = XCBuildConfiguration;
			buildSettings = {
				CODE_SIGN_STYLE = Automatic;
				CURRENT_PROJECT_VERSION = 1;
				DEVELOPMENT_TEAM = QWDQBH43YB;
				GENERATE_INFOPLIST_FILE = YES;
				MARKETING_VERSION = 1.0;
				PRODUCT_BUNDLE_IDENTIFIER = com.swiftui.ywh.YWHCalculatorUITests;
				PRODUCT_NAME = "$(TARGET_NAME)";
				SWIFT_EMIT_LOC_STRINGS = NO;
				SWIFT_VERSION = 5.0;
				TARGETED_DEVICE_FAMILY = "1,2";
				TEST_TARGET_NAME = YWHCalculator;
			};
			name = Release;
		};
/* End XCBuildConfiguration section */

/* Begin XCConfigurationList section */
		1EAB94EA2DAF8663005BC9A5 /* Build configuration list for PBXProject "YWHCalculator" */ = {
			isa = XCConfigurationList;
			buildConfigurations = (
				1EAB950E2DAF8665005BC9A5 /* Debug */,
				1EAB950F2DAF8665005BC9A5 /* Release */,
			);
			defaultConfigurationIsVisible = 0;
			defaultConfigurationName = Release;
		};
		1EAB95102DAF8665005BC9A5 /* Build configuration list for PBXNativeTarget "YWHCalculator" */ = {
			isa = XCConfigurationList;
			buildConfigurations = (
				1EAB95112DAF8665005BC9A5 /* Debug */,
				1EAB95122DAF8665005BC9A5 /* Release */,
			);
			defaultConfigurationIsVisible = 0;
			defaultConfigurationName = Release;
		};
		1EAB95132DAF8665005BC9A5 /* Build configuration list for PBXNativeTarget "YWHCalculatorTests" */ = {
			isa = XCConfigurationList;
			buildConfigurations = (
				1EAB95142DAF8665005BC9A5 /* Debug */,
				1EAB95152DAF8665005BC9A5 /* Release */,
			);
			defaultConfigurationIsVisible = 0;
			defaultConfigurationName = Release;
		};
		1EAB95162DAF8665005BC9A5 /* Build configuration list for PBXNativeTarget "YWHCalculatorUITests" */ = {
			isa = XCConfigurationList;
			buildConfigurations = (
				1EAB95172DAF8665005BC9A5 /* Debug */,
				1EAB95182DAF8665005BC9A5 /* Release */,
			);
			defaultConfigurationIsVisible = 0;
			defaultConfigurationName = Release;
		};
/* End XCConfigurationList section */
	};
	rootObject = 1EAB94E72DAF8663005BC9A5 /* Project object */;
}
