// !$*UTF8*$!
{
	archiveVersion = 1;
	classes = {
	};
	objectVersion = 77;
	objects = {

/* Begin PBXContainerItemProxy section */
		1E4C031E2DCCAC2A0034F000 /* PBXContainerItemProxy */ = {
			isa = PBXContainerItemProxy;
			containerPortal = 1E4C03082DCCAC290034F000 /* Project object */;
			proxyType = 1;
			remoteGlobalIDString = 1E4C030F2DCCAC290034F000;
			remoteInfo = YWHUpcomingMovies;
		};
		1E4C03282DCCAC2A0034F000 /* PBXContainerItemProxy */ = {
			isa = PBXContainerItemProxy;
			containerPortal = 1E4C03082DCCAC290034F000 /* Project object */;
			proxyType = 1;
			remoteGlobalIDString = 1E4C030F2DCCAC290034F000;
			remoteInfo = YWHUpcomingMovies;
		};
/* End PBXContainerItemProxy section */

/* Begin PBXFileReference section */
		1E4C03102DCCAC290034F000 /* YWHUpcomingMovies.app */ = {isa = PBXFileReference; explicitFileType = wrapper.application; includeInIndex = 0; path = YWHUpcomingMovies.app; sourceTree = BUILT_PRODUCTS_DIR; };
		1E4C031D2DCCAC2A0034F000 /* YWHUpcomingMoviesTests.xctest */ = {isa = PBXFileReference; explicitFileType = wrapper.cfbundle; includeInIndex = 0; path = YWHUpcomingMoviesTests.xctest; sourceTree = BUILT_PRODUCTS_DIR; };
		1E4C03272DCCAC2A0034F000 /* YWHUpcomingMoviesUITests.xctest */ = {isa = PBXFileReference; explicitFileType = wrapper.cfbundle; includeInIndex = 0; path = YWHUpcomingMoviesUITests.xctest; sourceTree = BUILT_PRODUCTS_DIR; };
/* End PBXFileReference section */

/* Begin PBXFileSystemSynchronizedRootGroup section */
		1E4C03122DCCAC290034F000 /* YWHUpcomingMovies */ = {
			isa = PBXFileSystemSynchronizedRootGroup;
			path = YWHUpcomingMovies;
			sourceTree = "<group>";
		};
		1E4C03202DCCAC2A0034F000 /* YWHUpcomingMoviesTests */ = {
			isa = PBXFileSystemSynchronizedRootGroup;
			path = YWHUpcomingMoviesTests;
			sourceTree = "<group>";
		};
		1E4C032A2DCCAC2A0034F000 /* YWHUpcomingMoviesUITests */ = {
			isa = PBXFileSystemSynchronizedRootGroup;
			path = YWHUpcomingMoviesUITests;
			sourceTree = "<group>";
		};
/* End PBXFileSystemSynchronizedRootGroup section */

/* Begin PBXFrameworksBuildPhase section */
		1E4C030D2DCCAC290034F000 /* Frameworks */ = {
			isa = PBXFrameworksBuildPhase;
			buildActionMask = 2147483647;
			files = (
			);
			runOnlyForDeploymentPostprocessing = 0;
		};
		1E4C031A2DCCAC2A0034F000 /* Frameworks */ = {
			isa = PBXFrameworksBuildPhase;
			buildActionMask = 2147483647;
			files = (
			);
			runOnlyForDeploymentPostprocessing = 0;
		};
		1E4C03242DCCAC2A0034F000 /* Frameworks */ = {
			isa = PBXFrameworksBuildPhase;
			buildActionMask = 2147483647;
			files = (
			);
			runOnlyForDeploymentPostprocessing = 0;
		};
/* End PBXFrameworksBuildPhase section */

/* Begin PBXGroup section */
		1E4C03072DCCAC290034F000 = {
			isa = PBXGroup;
			children = (
				1E4C03122DCCAC290034F000 /* YWHUpcomingMovies */,
				1E4C03202DCCAC2A0034F000 /* YWHUpcomingMoviesTests */,
				1E4C032A2DCCAC2A0034F000 /* YWHUpcomingMoviesUITests */,
				1E4C03112DCCAC290034F000 /* Products */,
			);
			sourceTree = "<group>";
		};
		1E4C03112DCCAC290034F000 /* Products */ = {
			isa = PBXGroup;
			children = (
				1E4C03102DCCAC290034F000 /* YWHUpcomingMovies.app */,
				1E4C031D2DCCAC2A0034F000 /* YWHUpcomingMoviesTests.xctest */,
				1E4C03272DCCAC2A0034F000 /* YWHUpcomingMoviesUITests.xctest */,
			);
			name = Products;
			sourceTree = "<group>";
		};
/* End PBXGroup section */

/* Begin PBXNativeTarget section */
		1E4C030F2DCCAC290034F000 /* YWHUpcomingMovies */ = {
			isa = PBXNativeTarget;
			buildConfigurationList = 1E4C03312DCCAC2A0034F000 /* Build configuration list for PBXNativeTarget "YWHUpcomingMovies" */;
			buildPhases = (
				1E4C030C2DCCAC290034F000 /* Sources */,
				1E4C030D2DCCAC290034F000 /* Frameworks */,
				1E4C030E2DCCAC290034F000 /* Resources */,
			);
			buildRules = (
			);
			dependencies = (
			);
			fileSystemSynchronizedGroups = (
				1E4C03122DCCAC290034F000 /* YWHUpcomingMovies */,
			);
			name = YWHUpcomingMovies;
			packageProductDependencies = (
			);
			productName = YWHUpcomingMovies;
			productReference = 1E4C03102DCCAC290034F000 /* YWHUpcomingMovies.app */;
			productType = "com.apple.product-type.application";
		};
		1E4C031C2DCCAC2A0034F000 /* YWHUpcomingMoviesTests */ = {
			isa = PBXNativeTarget;
			buildConfigurationList = 1E4C03342DCCAC2A0034F000 /* Build configuration list for PBXNativeTarget "YWHUpcomingMoviesTests" */;
			buildPhases = (
				1E4C03192DCCAC2A0034F000 /* Sources */,
				1E4C031A2DCCAC2A0034F000 /* Frameworks */,
				1E4C031B2DCCAC2A0034F000 /* Resources */,
			);
			buildRules = (
			);
			dependencies = (
				1E4C031F2DCCAC2A0034F000 /* PBXTargetDependency */,
			);
			fileSystemSynchronizedGroups = (
				1E4C03202DCCAC2A0034F000 /* YWHUpcomingMoviesTests */,
			);
			name = YWHUpcomingMoviesTests;
			packageProductDependencies = (
			);
			productName = YWHUpcomingMoviesTests;
			productReference = 1E4C031D2DCCAC2A0034F000 /* YWHUpcomingMoviesTests.xctest */;
			productType = "com.apple.product-type.bundle.unit-test";
		};
		1E4C03262DCCAC2A0034F000 /* YWHUpcomingMoviesUITests */ = {
			isa = PBXNativeTarget;
			buildConfigurationList = 1E4C03372DCCAC2A0034F000 /* Build configuration list for PBXNativeTarget "YWHUpcomingMoviesUITests" */;
			buildPhases = (
				1E4C03232DCCAC2A0034F000 /* Sources */,
				1E4C03242DCCAC2A0034F000 /* Frameworks */,
				1E4C03252DCCAC2A0034F000 /* Resources */,
			);
			buildRules = (
			);
			dependencies = (
				1E4C03292DCCAC2A0034F000 /* PBXTargetDependency */,
			);
			fileSystemSynchronizedGroups = (
				1E4C032A2DCCAC2A0034F000 /* YWHUpcomingMoviesUITests */,
			);
			name = YWHUpcomingMoviesUITests;
			packageProductDependencies = (
			);
			productName = YWHUpcomingMoviesUITests;
			productReference = 1E4C03272DCCAC2A0034F000 /* YWHUpcomingMoviesUITests.xctest */;
			productType = "com.apple.product-type.bundle.ui-testing";
		};
/* End PBXNativeTarget section */

/* Begin PBXProject section */
		1E4C03082DCCAC290034F000 /* Project object */ = {
			isa = PBXProject;
			attributes = {
				BuildIndependentTargetsInParallel = 1;
				LastSwiftUpdateCheck = 1630;
				LastUpgradeCheck = 1630;
				TargetAttributes = {
					1E4C030F2DCCAC290034F000 = {
						CreatedOnToolsVersion = 16.3;
					};
					1E4C031C2DCCAC2A0034F000 = {
						CreatedOnToolsVersion = 16.3;
						TestTargetID = 1E4C030F2DCCAC290034F000;
					};
					1E4C03262DCCAC2A0034F000 = {
						CreatedOnToolsVersion = 16.3;
						TestTargetID = 1E4C030F2DCCAC290034F000;
					};
				};
			};
			buildConfigurationList = 1E4C030B2DCCAC290034F000 /* Build configuration list for PBXProject "YWHUpcomingMovies" */;
			developmentRegion = en;
			hasScannedForEncodings = 0;
			knownRegions = (
				en,
				Base,
			);
			mainGroup = 1E4C03072DCCAC290034F000;
			minimizedProjectReferenceProxies = 1;
			preferredProjectObjectVersion = 77;
			productRefGroup = 1E4C03112DCCAC290034F000 /* Products */;
			projectDirPath = "";
			projectRoot = "";
			targets = (
				1E4C030F2DCCAC290034F000 /* YWHUpcomingMovies */,
				1E4C031C2DCCAC2A0034F000 /* YWHUpcomingMoviesTests */,
				1E4C03262DCCAC2A0034F000 /* YWHUpcomingMoviesUITests */,
			);
		};
/* End PBXProject section */

/* Begin PBXResourcesBuildPhase section */
		1E4C030E2DCCAC290034F000 /* Resources */ = {
			isa = PBXResourcesBuildPhase;
			buildActionMask = 2147483647;
			files = (
			);
			runOnlyForDeploymentPostprocessing = 0;
		};
		1E4C031B2DCCAC2A0034F000 /* Resources */ = {
			isa = PBXResourcesBuildPhase;
			buildActionMask = 2147483647;
			files = (
			);
			runOnlyForDeploymentPostprocessing = 0;
		};
		1E4C03252DCCAC2A0034F000 /* Resources */ = {
			isa = PBXResourcesBuildPhase;
			buildActionMask = 2147483647;
			files = (
			);
			runOnlyForDeploymentPostprocessing = 0;
		};
/* End PBXResourcesBuildPhase section */

/* Begin PBXSourcesBuildPhase section */
		1E4C030C2DCCAC290034F000 /* Sources */ = {
			isa = PBXSourcesBuildPhase;
			buildActionMask = 2147483647;
			files = (
			);
			runOnlyForDeploymentPostprocessing = 0;
		};
		1E4C03192DCCAC2A0034F000 /* Sources */ = {
			isa = PBXSourcesBuildPhase;
			buildActionMask = 2147483647;
			files = (
			);
			runOnlyForDeploymentPostprocessing = 0;
		};
		1E4C03232DCCAC2A0034F000 /* Sources */ = {
			isa = PBXSourcesBuildPhase;
			buildActionMask = 2147483647;
			files = (
			);
			runOnlyForDeploymentPostprocessing = 0;
		};
/* End PBXSourcesBuildPhase section */

/* Begin PBXTargetDependency section */
		1E4C031F2DCCAC2A0034F000 /* PBXTargetDependency */ = {
			isa = PBXTargetDependency;
			target = 1E4C030F2DCCAC290034F000 /* YWHUpcomingMovies */;
			targetProxy = 1E4C031E2DCCAC2A0034F000 /* PBXContainerItemProxy */;
		};
		1E4C03292DCCAC2A0034F000 /* PBXTargetDependency */ = {
			isa = PBXTargetDependency;
			target = 1E4C030F2DCCAC290034F000 /* YWHUpcomingMovies */;
			targetProxy = 1E4C03282DCCAC2A0034F000 /* PBXContainerItemProxy */;
		};
/* End PBXTargetDependency section */

/* Begin XCBuildConfiguration section */
		1E4C032F2DCCAC2A0034F000 /* Debug */ = {
			isa = XCBuildConfiguration;
			buildSettings = {
				ALWAYS_SEARCH_USER_PATHS = NO;
				ASSETCATALOG_COMPILER_GENERATE_SWIFT_ASSET_SYMBOL_EXTENSIONS = YES;
				CLANG_ANALYZER_NONNULL = YES;
				CLANG_ANALYZER_NUMBER_OBJECT_CONVERSION = YES_AGGRESSIVE;
				CLANG_CXX_LANGUAGE_STANDARD = "gnu++20";
				CLANG_ENABLE_MODULES = YES;
				CLANG_ENABLE_OBJC_ARC = YES;
				CLANG_ENABLE_OBJC_WEAK = YES;
				CLANG_WARN_BLOCK_CAPTURE_AUTORELEASING = YES;
				CLANG_WARN_BOOL_CONVERSION = YES;
				CLANG_WARN_COMMA = YES;
				CLANG_WARN_CONSTANT_CONVERSION = YES;
				CLANG_WARN_DEPRECATED_OBJC_IMPLEMENTATIONS = YES;
				CLANG_WARN_DIRECT_OBJC_ISA_USAGE = YES_ERROR;
				CLANG_WARN_DOCUMENTATION_COMMENTS = YES;
				CLANG_WARN_EMPTY_BODY = YES;
				CLANG_WARN_ENUM_CONVERSION = YES;
				CLANG_WARN_INFINITE_RECURSION = YES;
				CLANG_WARN_INT_CONVERSION = YES;
				CLANG_WARN_NON_LITERAL_NULL_CONVERSION = YES;
				CLANG_WARN_OBJC_IMPLICIT_RETAIN_SELF = YES;
				CLANG_WARN_OBJC_LITERAL_CONVERSION = YES;
				CLANG_WARN_OBJC_ROOT_CLASS = YES_ERROR;
				CLANG_WARN_QUOTED_INCLUDE_IN_FRAMEWORK_HEADER = YES;
				CLANG_WARN_RANGE_LOOP_ANALYSIS = YES;
				CLANG_WARN_STRICT_PROTOTYPES = YES;
				CLANG_WARN_SUSPICIOUS_MOVE = YES;
				CLANG_WARN_UNGUARDED_AVAILABILITY = YES_AGGRESSIVE;
				CLANG_WARN_UNREACHABLE_CODE = YES;
				CLANG_WARN__DUPLICATE_METHOD_MATCH = YES;
				COPY_PHASE_STRIP = NO;
				DEBUG_INFORMATION_FORMAT = dwarf;
				DEVELOPMENT_TEAM = QWDQBH43YB;
				ENABLE_STRICT_OBJC_MSGSEND = YES;
				ENABLE_TESTABILITY = YES;
				ENABLE_USER_SCRIPT_SANDBOXING = YES;
				GCC_C_LANGUAGE_STANDARD = gnu17;
				GCC_DYNAMIC_NO_PIC = NO;
				GCC_NO_COMMON_BLOCKS = YES;
				GCC_OPTIMIZATION_LEVEL = 0;
				GCC_PREPROCESSOR_DEFINITIONS = (
					"DEBUG=1",
					"$(inherited)",
				);
				GCC_WARN_64_TO_32_BIT_CONVERSION = YES;
				GCC_WARN_ABOUT_RETURN_TYPE = YES_ERROR;
				GCC_WARN_UNDECLARED_SELECTOR = YES;
				GCC_WARN_UNINITIALIZED_AUTOS = YES_AGGRESSIVE;
				GCC_WARN_UNUSED_FUNCTION = YES;
				GCC_WARN_UNUSED_VARIABLE = YES;
				IPHONEOS_DEPLOYMENT_TARGET = 18.4;
				LOCALIZATION_PREFERS_STRING_CATALOGS = YES;
				MTL_ENABLE_DEBUG_INFO = INCLUDE_SOURCE;
				MTL_FAST_MATH = YES;
				ONLY_ACTIVE_ARCH = YES;
				SDKROOT = iphoneos;
				SWIFT_ACTIVE_COMPILATION_CONDITIONS = "DEBUG $(inherited)";
				SWIFT_OPTIMIZATION_LEVEL = "-Onone";
			};
			name = Debug;
		};
		1E4C03302DCCAC2A0034F000 /* Release */ = {
			isa = XCBuildConfiguration;
			buildSettings = {
				ALWAYS_SEARCH_USER_PATHS = NO;
				ASSETCATALOG_COMPILER_GENERATE_SWIFT_ASSET_SYMBOL_EXTENSIONS = YES;
				CLANG_ANALYZER_NONNULL = YES;
				CLANG_ANALYZER_NUMBER_OBJECT_CONVERSION = YES_AGGRESSIVE;
				CLANG_CXX_LANGUAGE_STANDARD = "gnu++20";
				CLANG_ENABLE_MODULES = YES;
				CLANG_ENABLE_OBJC_ARC = YES;
				CLANG_ENABLE_OBJC_WEAK = YES;
				CLANG_WARN_BLOCK_CAPTURE_AUTORELEASING = YES;
				CLANG_WARN_BOOL_CONVERSION = YES;
				CLANG_WARN_COMMA = YES;
				CLANG_WARN_CONSTANT_CONVERSION = YES;
				CLANG_WARN_DEPRECATED_OBJC_IMPLEMENTATIONS = YES;
				CLANG_WARN_DIRECT_OBJC_ISA_USAGE = YES_ERROR;
				CLANG_WARN_DOCUMENTATION_COMMENTS = YES;
				CLANG_WARN_EMPTY_BODY = YES;
				CLANG_WARN_ENUM_CONVERSION = YES;
				CLANG_WARN_INFINITE_RECURSION = YES;
				CLANG_WARN_INT_CONVERSION = YES;
				CLANG_WARN_NON_LITERAL_NULL_CONVERSION = YES;
				CLANG_WARN_OBJC_IMPLICIT_RETAIN_SELF = YES;
				CLANG_WARN_OBJC_LITERAL_CONVERSION = YES;
				CLANG_WARN_OBJC_ROOT_CLASS = YES_ERROR;
				CLANG_WARN_QUOTED_INCLUDE_IN_FRAMEWORK_HEADER = YES;
				CLANG_WARN_RANGE_LOOP_ANALYSIS = YES;
				CLANG_WARN_STRICT_PROTOTYPES = YES;
				CLANG_WARN_SUSPICIOUS_MOVE = YES;
				CLANG_WARN_UNGUARDED_AVAILABILITY = YES_AGGRESSIVE;
				CLANG_WARN_UNREACHABLE_CODE = YES;
				CLANG_WARN__DUPLICATE_METHOD_MATCH = YES;
				COPY_PHASE_STRIP = NO;
				DEBUG_INFORMATION_FORMAT = "dwarf-with-dsym";
				DEVELOPMENT_TEAM = QWDQBH43YB;
				ENABLE_NS_ASSERTIONS = NO;
				ENABLE_STRICT_OBJC_MSGSEND = YES;
				ENABLE_USER_SCRIPT_SANDBOXING = YES;
				GCC_C_LANGUAGE_STANDARD = gnu17;
				GCC_NO_COMMON_BLOCKS = YES;
				GCC_WARN_64_TO_32_BIT_CONVERSION = YES;
				GCC_WARN_ABOUT_RETURN_TYPE = YES_ERROR;
				GCC_WARN_UNDECLARED_SELECTOR = YES;
				GCC_WARN_UNINITIALIZED_AUTOS = YES_AGGRESSIVE;
				GCC_WARN_UNUSED_FUNCTION = YES;
				GCC_WARN_UNUSED_VARIABLE = YES;
				IPHONEOS_DEPLOYMENT_TARGET = 18.4;
				LOCALIZATION_PREFERS_STRING_CATALOGS = YES;
				MTL_ENABLE_DEBUG_INFO = NO;
				MTL_FAST_MATH = YES;
				SDKROOT = iphoneos;
				SWIFT_COMPILATION_MODE = wholemodule;
				VALIDATE_PRODUCT = YES;
			};
			name = Release;
		};
		1E4C03322DCCAC2A0034F000 /* Debug */ = {
			isa = XCBuildConfiguration;
			buildSettings = {
				ASSETCATALOG_COMPILER_APPICON_NAME = AppIcon;
				ASSETCATALOG_COMPILER_GLOBAL_ACCENT_COLOR_NAME = AccentColor;
				CODE_SIGN_STYLE = Automatic;
				CURRENT_PROJECT_VERSION = 1;
				DEVELOPMENT_TEAM = QWDQBH43YB;
				ENABLE_PREVIEWS = YES;
				GENERATE_INFOPLIST_FILE = YES;
				INFOPLIST_KEY_UIApplicationSceneManifest_Generation = YES;
				INFOPLIST_KEY_UIApplicationSupportsIndirectInputEvents = YES;
				INFOPLIST_KEY_UILaunchScreen_Generation = YES;
				INFOPLIST_KEY_UISupportedInterfaceOrientations_iPad = "UIInterfaceOrientationPortrait UIInterfaceOrientationPortraitUpsideDown UIInterfaceOrientationLandscapeLeft UIInterfaceOrientationLandscapeRight";
				INFOPLIST_KEY_UISupportedInterfaceOrientations_iPhone = "UIInterfaceOrientationPortrait UIInterfaceOrientationLandscapeLeft UIInterfaceOrientationLandscapeRight";
				LD_RUNPATH_SEARCH_PATHS = (
					"$(inherited)",
					"@executable_path/Frameworks",
				);
				MARKETING_VERSION = 1.0;
				PRODUCT_BUNDLE_IDENTIFIER = com.swiftui.movie.YWHUpcomingMovies;
				PRODUCT_NAME = "$(TARGET_NAME)";
				SWIFT_EMIT_LOC_STRINGS = YES;
				SWIFT_VERSION = 5.0;
				TARGETED_DEVICE_FAMILY = "1,2";
			};
			name = Debug;
		};
		1E4C03332DCCAC2A0034F000 /* Release */ = {
			isa = XCBuildConfiguration;
			buildSettings = {
				ASSETCATALOG_COMPILER_APPICON_NAME = AppIcon;
				ASSETCATALOG_COMPILER_GLOBAL_ACCENT_COLOR_NAME = AccentColor;
				CODE_SIGN_STYLE = Automatic;
				CURRENT_PROJECT_VERSION = 1;
				DEVELOPMENT_TEAM = QWDQBH43YB;
				ENABLE_PREVIEWS = YES;
				GENERATE_INFOPLIST_FILE = YES;
				INFOPLIST_KEY_UIApplicationSceneManifest_Generation = YES;
				INFOPLIST_KEY_UIApplicationSupportsIndirectInputEvents = YES;
				INFOPLIST_KEY_UILaunchScreen_Generation = YES;
				INFOPLIST_KEY_UISupportedInterfaceOrientations_iPad = "UIInterfaceOrientationPortrait UIInterfaceOrientationPortraitUpsideDown UIInterfaceOrientationLandscapeLeft UIInterfaceOrientationLandscapeRight";
				INFOPLIST_KEY_UISupportedInterfaceOrientations_iPhone = "UIInterfaceOrientationPortrait UIInterfaceOrientationLandscapeLeft UIInterfaceOrientationLandscapeRight";
				LD_RUNPATH_SEARCH_PATHS = (
					"$(inherited)",
					"@executable_path/Frameworks",
				);
				MARKETING_VERSION = 1.0;
				PRODUCT_BUNDLE_IDENTIFIER = com.swiftui.movie.YWHUpcomingMovies;
				PRODUCT_NAME = "$(TARGET_NAME)";
				SWIFT_EMIT_LOC_STRINGS = YES;
				SWIFT_VERSION = 5.0;
				TARGETED_DEVICE_FAMILY = "1,2";
			};
			name = Release;
		};
		1E4C03352DCCAC2A0034F000 /* Debug */ = {
			isa = XCBuildConfiguration;
			buildSettings = {
				BUNDLE_LOADER = "$(TEST_HOST)";
				CODE_SIGN_STYLE = Automatic;
				CURRENT_PROJECT_VERSION = 1;
				DEVELOPMENT_TEAM = QWDQBH43YB;
				GENERATE_INFOPLIST_FILE = YES;
				IPHONEOS_DEPLOYMENT_TARGET = 18.4;
				MARKETING_VERSION = 1.0;
				PRODUCT_BUNDLE_IDENTIFIER = com.swiftui.movie.YWHUpcomingMoviesTests;
				PRODUCT_NAME = "$(TARGET_NAME)";
				SWIFT_EMIT_LOC_STRINGS = NO;
				SWIFT_VERSION = 5.0;
				TARGETED_DEVICE_FAMILY = "1,2";
				TEST_HOST = "$(BUILT_PRODUCTS_DIR)/YWHUpcomingMovies.app/$(BUNDLE_EXECUTABLE_FOLDER_PATH)/YWHUpcomingMovies";
			};
			name = Debug;
		};
		1E4C03362DCCAC2A0034F000 /* Release */ = {
			isa = XCBuildConfiguration;
			buildSettings = {
				BUNDLE_LOADER = "$(TEST_HOST)";
				CODE_SIGN_STYLE = Automatic;
				CURRENT_PROJECT_VERSION = 1;
				DEVELOPMENT_TEAM = QWDQBH43YB;
				GENERATE_INFOPLIST_FILE = YES;
				IPHONEOS_DEPLOYMENT_TARGET = 18.4;
				MARKETING_VERSION = 1.0;
				PRODUCT_BUNDLE_IDENTIFIER = com.swiftui.movie.YWHUpcomingMoviesTests;
				PRODUCT_NAME = "$(TARGET_NAME)";
				SWIFT_EMIT_LOC_STRINGS = NO;
				SWIFT_VERSION = 5.0;
				TARGETED_DEVICE_FAMILY = "1,2";
				TEST_HOST = "$(BUILT_PRODUCTS_DIR)/YWHUpcomingMovies.app/$(BUNDLE_EXECUTABLE_FOLDER_PATH)/YWHUpcomingMovies";
			};
			name = Release;
		};
		1E4C03382DCCAC2A0034F000 /* Debug */ = {
			isa = XCBuildConfiguration;
			buildSettings = {
				CODE_SIGN_STYLE = Automatic;
				CURRENT_PROJECT_VERSION = 1;
				DEVELOPMENT_TEAM = QWDQBH43YB;
				GENERATE_INFOPLIST_FILE = YES;
				MARKETING_VERSION = 1.0;
				PRODUCT_BUNDLE_IDENTIFIER = com.swiftui.movie.YWHUpcomingMoviesUITests;
				PRODUCT_NAME = "$(TARGET_NAME)";
				SWIFT_EMIT_LOC_STRINGS = NO;
				SWIFT_VERSION = 5.0;
				TARGETED_DEVICE_FAMILY = "1,2";
				TEST_TARGET_NAME = YWHUpcomingMovies;
			};
			name = Debug;
		};
		1E4C03392DCCAC2A0034F000 /* Release */ = {
			isa = XCBuildConfiguration;
			buildSettings = {
				CODE_SIGN_STYLE = Automatic;
				CURRENT_PROJECT_VERSION = 1;
				DEVELOPMENT_TEAM = QWDQBH43YB;
				GENERATE_INFOPLIST_FILE = YES;
				MARKETING_VERSION = 1.0;
				PRODUCT_BUNDLE_IDENTIFIER = com.swiftui.movie.YWHUpcomingMoviesUITests;
				PRODUCT_NAME = "$(TARGET_NAME)";
				SWIFT_EMIT_LOC_STRINGS = NO;
				SWIFT_VERSION = 5.0;
				TARGETED_DEVICE_FAMILY = "1,2";
				TEST_TARGET_NAME = YWHUpcomingMovies;
			};
			name = Release;
		};
/* End XCBuildConfiguration section */

/* Begin XCConfigurationList section */
		1E4C030B2DCCAC290034F000 /* Build configuration list for PBXProject "YWHUpcomingMovies" */ = {
			isa = XCConfigurationList;
			buildConfigurations = (
				1E4C032F2DCCAC2A0034F000 /* Debug */,
				1E4C03302DCCAC2A0034F000 /* Release */,
			);
			defaultConfigurationIsVisible = 0;
			defaultConfigurationName = Release;
		};
		1E4C03312DCCAC2A0034F000 /* Build configuration list for PBXNativeTarget "YWHUpcomingMovies" */ = {
			isa = XCConfigurationList;
			buildConfigurations = (
				1E4C03322DCCAC2A0034F000 /* Debug */,
				1E4C03332DCCAC2A0034F000 /* Release */,
			);
			defaultConfigurationIsVisible = 0;
			defaultConfigurationName = Release;
		};
		1E4C03342DCCAC2A0034F000 /* Build configuration list for PBXNativeTarget "YWHUpcomingMoviesTests" */ = {
			isa = XCConfigurationList;
			buildConfigurations = (
				1E4C03352DCCAC2A0034F000 /* Debug */,
				1E4C03362DCCAC2A0034F000 /* Release */,
			);
			defaultConfigurationIsVisible = 0;
			defaultConfigurationName = Release;
		};
		1E4C03372DCCAC2A0034F000 /* Build configuration list for PBXNativeTarget "YWHUpcomingMoviesUITests" */ = {
			isa = XCConfigurationList;
			buildConfigurations = (
				1E4C03382DCCAC2A0034F000 /* Debug */,
				1E4C03392DCCAC2A0034F000 /* Release */,
			);
			defaultConfigurationIsVisible = 0;
			defaultConfigurationName = Release;
		};
/* End XCConfigurationList section */
	};
	rootObject = 1E4C03082DCCAC290034F000 /* Project object */;
}
